
Microsoft Visual Studio Solution File, Format Version 12.00
# Visual Studio Version 17
VisualStudioVersion = 17.9.34728.123
MinimumVisualStudioVersion = 10.0.40219.1
Project("{54A90642-561A-4BB1-A94E-469ADEE60C69}") = "ProyectoMelodi", "Melodi\ProyectoMelodi.esproj", "{9D74CCF7-564A-441A-8F69-A9D364E1F4B0}"
EndProject
Global
	GlobalSection(SolutionConfigurationPlatforms) = preSolution
		Debug|Any CPU = Debug|Any CPU
		Release|Any CPU = Release|Any CPU
	EndGlobalSection
	GlobalSection(ProjectConfigurationPlatforms) = postSolution
		{9D74CCF7-564A-441A-8F69-A9D364E1F4B0}.Debug|Any CPU.ActiveCfg = Debug|Any CPU
		{9D74CCF7-564A-441A-8F69-A9D364E1F4B0}.Debug|Any CPU.Build.0 = Debug|Any CPU
		{9D74CCF7-564A-441A-8F69-A9D364E1F4B0}.Debug|Any CPU.Deploy.0 = Debug|Any CPU
		{9D74CCF7-564A-441A-8F69-A9D364E1F4B0}.Release|Any CPU.ActiveCfg = Release|Any CPU
		{9D74CCF7-564A-441A-8F69-A9D364E1F4B0}.Release|Any CPU.Build.0 = Release|Any CPU
		{9D74CCF7-564A-441A-8F69-A9D364E1F4B0}.Release|Any CPU.Deploy.0 = Release|Any CPU
	EndGlobalSection
	GlobalSection(SolutionProperties) = preSolution
		HideSolutionNode = FALSE
	EndGlobalSection
	GlobalSection(ExtensibilityGlobals) = postSolution
		SolutionGuid = {7618A9ED-5B74-4809-83ED-950EBD50206B}
	EndGlobalSection
EndGlobal
